// !$*UTF8*$!
{
	archiveVersion = 1;
	classes = {
	};
	objectVersion = 48;
	objects = {

/* Begin PBXBuildFile section */
		A53396C5209A064C00027573 /* ViewModel.swift in Sources */ = {isa = PBXBuildFile; fileRef = A53396C4209A064C00027573 /* ViewModel.swift */; };
		D896FD312097801A008F310F /* RxSwift.framework in Frameworks */ = {isa = PBXBuildFile; fileRef = D896FD2C20978019008F310F /* RxSwift.framework */; };
		D896FD322097801A008F310F /* RxSwift.framework in Embed Frameworks */ = {isa = PBXBuildFile; fileRef = D896FD2C20978019008F310F /* RxSwift.framework */; settings = {ATTRIBUTES = (CodeSignOnCopy, RemoveHeadersOnCopy, ); }; };
		D896FD332097801A008F310F /* RxCocoa.framework in Frameworks */ = {isa = PBXBuildFile; fileRef = D896FD2D2097801A008F310F /* RxCocoa.framework */; };
		D896FD342097801A008F310F /* RxCocoa.framework in Embed Frameworks */ = {isa = PBXBuildFile; fileRef = D896FD2D2097801A008F310F /* RxCocoa.framework */; settings = {ATTRIBUTES = (CodeSignOnCopy, RemoveHeadersOnCopy, ); }; };
		D896FD352097801A008F310F /* RxBlocking.framework in Frameworks */ = {isa = PBXBuildFile; fileRef = D896FD2E2097801A008F310F /* RxBlocking.framework */; };
		D896FD362097801A008F310F /* RxBlocking.framework in Embed Frameworks */ = {isa = PBXBuildFile; fileRef = D896FD2E2097801A008F310F /* RxBlocking.framework */; settings = {ATTRIBUTES = (CodeSignOnCopy, RemoveHeadersOnCopy, ); }; };
		D8E866212097476C00E03A9B /* AppDelegate.swift in Sources */ = {isa = PBXBuildFile; fileRef = D8E866202097476C00E03A9B /* AppDelegate.swift */; };
		D8E866232097476C00E03A9B /* ViewController.swift in Sources */ = {isa = PBXBuildFile; fileRef = D8E866222097476C00E03A9B /* ViewController.swift */; };
		D8E866262097476C00E03A9B /* Main.storyboard in Resources */ = {isa = PBXBuildFile; fileRef = D8E866242097476C00E03A9B /* Main.storyboard */; };
		D8E866282097476C00E03A9B /* Assets.xcassets in Resources */ = {isa = PBXBuildFile; fileRef = D8E866272097476C00E03A9B /* Assets.xcassets */; };
		D8E8662B2097476C00E03A9B /* LaunchScreen.storyboard in Resources */ = {isa = PBXBuildFile; fileRef = D8E866292097476C00E03A9B /* LaunchScreen.storyboard */; };
/* End PBXBuildFile section */

/* Begin PBXCopyFilesBuildPhase section */
		D896FD372097801A008F310F /* Embed Frameworks */ = {
			isa = PBXCopyFilesBuildPhase;
			buildActionMask = 2147483647;
			dstPath = "";
			dstSubfolderSpec = 10;
			files = (
				D896FD342097801A008F310F /* RxCocoa.framework in Embed Frameworks */,
				D896FD322097801A008F310F /* RxSwift.framework in Embed Frameworks */,
				D896FD362097801A008F310F /* RxBlocking.framework in Embed Frameworks */,
			);
			name = "Embed Frameworks";
			runOnlyForDeploymentPostprocessing = 0;
		};
/* End PBXCopyFilesBuildPhase section */

/* Begin PBXFileReference section */
		A53396C4209A064C00027573 /* ViewModel.swift */ = {isa = PBXFileReference; lastKnownFileType = sourcecode.swift; path = ViewModel.swift; sourceTree = "<group>"; };
		D896FD2B20978019008F310F /* RxTest.framework */ = {isa = PBXFileReference; lastKnownFileType = wrapper.framework; name = RxTest.framework; path = Carthage/Build/iOS/RxTest.framework; sourceTree = "<group>"; };
		D896FD2C20978019008F310F /* RxSwift.framework */ = {isa = PBXFileReference; lastKnownFileType = wrapper.framework; name = RxSwift.framework; path = Carthage/Build/iOS/RxSwift.framework; sourceTree = "<group>"; };
		D896FD2D2097801A008F310F /* RxCocoa.framework */ = {isa = PBXFileReference; lastKnownFileType = wrapper.framework; name = RxCocoa.framework; path = Carthage/Build/iOS/RxCocoa.framework; sourceTree = "<group>"; };
		D896FD2E2097801A008F310F /* RxBlocking.framework */ = {isa = PBXFileReference; lastKnownFileType = wrapper.framework; name = RxBlocking.framework; path = Carthage/Build/iOS/RxBlocking.framework; sourceTree = "<group>"; };
		D8E8661D2097476C00E03A9B /* ReactiveExtension.app */ = {isa = PBXFileReference; explicitFileType = wrapper.application; includeInIndex = 0; path = ReactiveExtension.app; sourceTree = BUILT_PRODUCTS_DIR; };
		D8E866202097476C00E03A9B /* AppDelegate.swift */ = {isa = PBXFileReference; lastKnownFileType = sourcecode.swift; path = AppDelegate.swift; sourceTree = "<group>"; };
		D8E866222097476C00E03A9B /* ViewController.swift */ = {isa = PBXFileReference; lastKnownFileType = sourcecode.swift; path = ViewController.swift; sourceTree = "<group>"; };
		D8E866252097476C00E03A9B /* Base */ = {isa = PBXFileReference; lastKnownFileType = file.storyboard; name = Base; path = Base.lproj/Main.storyboard; sourceTree = "<group>"; };
		D8E866272097476C00E03A9B /* Assets.xcassets */ = {isa = PBXFileReference; lastKnownFileType = folder.assetcatalog; path = Assets.xcassets; sourceTree = "<group>"; };
		D8E8662A2097476C00E03A9B /* Base */ = {isa = PBXFileReference; lastKnownFileType = file.storyboard; name = Base; path = Base.lproj/LaunchScreen.storyboard; sourceTree = "<group>"; };
		D8E8662C2097476C00E03A9B /* Info.plist */ = {isa = PBXFileReference; lastKnownFileType = text.plist.xml; path = Info.plist; sourceTree = "<group>"; };
/* End PBXFileReference section */

/* Begin PBXFrameworksBuildPhase section */
		D8E8661A2097476C00E03A9B /* Frameworks */ = {
			isa = PBXFrameworksBuildPhase;
			buildActionMask = 2147483647;
			files = (
				D896FD332097801A008F310F /* RxCocoa.framework in Frameworks */,
				D896FD312097801A008F310F /* RxSwift.framework in Frameworks */,
				D896FD352097801A008F310F /* RxBlocking.framework in Frameworks */,
			);
			runOnlyForDeploymentPostprocessing = 0;
		};
/* End PBXFrameworksBuildPhase section */

/* Begin PBXGroup section */
		D896FD2A20977EFC008F310F /* Frameworks */ = {
			isa = PBXGroup;
			children = (
				D896FD2E2097801A008F310F /* RxBlocking.framework */,
				D896FD2D2097801A008F310F /* RxCocoa.framework */,
				D896FD2C20978019008F310F /* RxSwift.framework */,
				D896FD2B20978019008F310F /* RxTest.framework */,
			);
			name = Frameworks;
			sourceTree = "<group>";
		};
		D8E866142097476C00E03A9B = {
			isa = PBXGroup;
			children = (
				D8E8661F2097476C00E03A9B /* ReactiveExtension */,
				D896FD2A20977EFC008F310F /* Frameworks */,
				D8E8661E2097476C00E03A9B /* Products */,
			);
			sourceTree = "<group>";
		};
		D8E8661E2097476C00E03A9B /* Products */ = {
			isa = PBXGroup;
			children = (
				D8E8661D2097476C00E03A9B /* ReactiveExtension.app */,
			);
			name = Products;
			sourceTree = "<group>";
		};
		D8E8661F2097476C00E03A9B /* ReactiveExtension */ = {
			isa = PBXGroup;
			children = (
				D8E866202097476C00E03A9B /* AppDelegate.swift */,
				D8E866222097476C00E03A9B /* ViewController.swift */,
				A53396C4209A064C00027573 /* ViewModel.swift */,
				D8E866242097476C00E03A9B /* Main.storyboard */,
				D8E866272097476C00E03A9B /* Assets.xcassets */,
				D8E866292097476C00E03A9B /* LaunchScreen.storyboard */,
				D8E8662C2097476C00E03A9B /* Info.plist */,
			);
			path = ReactiveExtension;
			sourceTree = "<group>";
		};
/* End PBXGroup section */

/* Begin PBXNativeTarget section */
		D8E8661C2097476C00E03A9B /* ReactiveExtension */ = {
			isa = PBXNativeTarget;
			buildConfigurationList = D8E8662F2097476C00E03A9B /* Build configuration list for PBXNativeTarget "ReactiveExtension" */;
			buildPhases = (
				D8E866192097476C00E03A9B /* Sources */,
				D8E8661A2097476C00E03A9B /* Frameworks */,
				D8E8661B2097476C00E03A9B /* Resources */,
				D896FD372097801A008F310F /* Embed Frameworks */,
			);
			buildRules = (
			);
			dependencies = (
			);
			name = ReactiveExtension;
			productName = ReactiveExtension;
			productReference = D8E8661D2097476C00E03A9B /* ReactiveExtension.app */;
			productType = "com.apple.product-type.application";
		};
/* End PBXNativeTarget section */

/* Begin PBXProject section */
		D8E866152097476C00E03A9B /* Project object */ = {
			isa = PBXProject;
			attributes = {
				LastSwiftUpdateCheck = 0920;
				LastUpgradeCheck = 0920;
				ORGANIZATIONNAME = Akasaaa;
				TargetAttributes = {
					D8E8661C2097476C00E03A9B = {
						CreatedOnToolsVersion = 9.2;
						ProvisioningStyle = Automatic;
					};
				};
			};
			buildConfigurationList = D8E866182097476C00E03A9B /* Build configuration list for PBXProject "ReactiveExtension" */;
			compatibilityVersion = "Xcode 8.0";
			developmentRegion = en;
			hasScannedForEncodings = 0;
			knownRegions = (
				en,
				Base,
			);
			mainGroup = D8E866142097476C00E03A9B;
			productRefGroup = D8E8661E2097476C00E03A9B /* Products */;
			projectDirPath = "";
			projectRoot = "";
			targets = (
				D8E8661C2097476C00E03A9B /* ReactiveExtension */,
			);
		};
/* End PBXProject section */

/* Begin PBXResourcesBuildPhase section */
		D8E8661B2097476C00E03A9B /* Resources */ = {
			isa = PBXResourcesBuildPhase;
			buildActionMask = 2147483647;
			files = (
				D8E8662B2097476C00E03A9B /* LaunchScreen.storyboard in Resources */,
				D8E866282097476C00E03A9B /* Assets.xcassets in Resources */,
				D8E866262097476C00E03A9B /* Main.storyboard in Resources */,
			);
			runOnlyForDeploymentPostprocessing = 0;
		};
/* End PBXResourcesBuildPhase section */

/* Begin PBXSourcesBuildPhase section */
		D8E866192097476C00E03A9B /* Sources */ = {
			isa = PBXSourcesBuildPhase;
			buildActionMask = 2147483647;
			files = (
				D8E866232097476C00E03A9B /* ViewController.swift in Sources */,
				A53396C5209A064C00027573 /* ViewModel.swift in Sources */,
				D8E866212097476C00E03A9B /* AppDelegate.swift in Sources */,
			);
			runOnlyForDeploymentPostprocessing = 0;
		};
/* End PBXSourcesBuildPhase section */

/* Begin PBXVariantGroup section */
		D8E866242097476C00E03A9B /* Main.storyboard */ = {
			isa = PBXVariantGroup;
			children = (
				D8E866252097476C00E03A9B /* Base */,
			);
			name = Main.storyboard;
			sourceTree = "<group>";
		};
		D8E866292097476C00E03A9B /* LaunchScreen.storyboard */ = {
			isa = PBXVariantGroup;
			children = (
				D8E8662A2097476C00E03A9B /* Base */,
			);
			name = LaunchScreen.storyboard;
			sourceTree = "<group>";
		};
/* End PBXVariantGroup section */

/* Begin XCBuildConfiguration section */
		D8E8662D2097476C00E03A9B /* Debug */ = {
			isa = XCBuildConfiguration;
			buildSettings = {
				ALWAYS_SEARCH_USER_PATHS = NO;
				CLANG_ANALYZER_NONNULL = YES;
				CLANG_ANALYZER_NUMBER_OBJECT_CONVERSION = YES_AGGRESSIVE;
				CLANG_CXX_LANGUAGE_STANDARD = "gnu++14";
				CLANG_CXX_LIBRARY = "libc++";
				CLANG_ENABLE_MODULES = YES;
				CLANG_ENABLE_OBJC_ARC = YES;
				CLANG_WARN_BLOCK_CAPTURE_AUTORELEASING = YES;
				CLANG_WARN_BOOL_CONVERSION = YES;
				CLANG_WARN_COMMA = YES;
				CLANG_WARN_CONSTANT_CONVERSION = YES;
				CLANG_WARN_DIRECT_OBJC_ISA_USAGE = YES_ERROR;
				CLANG_WARN_DOCUMENTATION_COMMENTS = YES;
				CLANG_WARN_EMPTY_BODY = YES;
				CLANG_WARN_ENUM_CONVERSION = YES;
				CLANG_WARN_INFINITE_RECURSION = YES;
				CLANG_WARN_INT_CONVERSION = YES;
				CLANG_WARN_NON_LITERAL_NULL_CONVERSION = YES;
				CLANG_WARN_OBJC_LITERAL_CONVERSION = YES;
				CLANG_WARN_OBJC_ROOT_CLASS = YES_ERROR;
				CLANG_WARN_RANGE_LOOP_ANALYSIS = YES;
				CLANG_WARN_STRICT_PROTOTYPES = YES;
				CLANG_WARN_SUSPICIOUS_MOVE = YES;
				CLANG_WARN_UNGUARDED_AVAILABILITY = YES_AGGRESSIVE;
				CLANG_WARN_UNREACHABLE_CODE = YES;
				CLANG_WARN__DUPLICATE_METHOD_MATCH = YES;
				CODE_SIGN_IDENTITY = "iPhone Developer";
				COPY_PHASE_STRIP = NO;
				DEBUG_INFORMATION_FORMAT = dwarf;
				ENABLE_STRICT_OBJC_MSGSEND = YES;
				ENABLE_TESTABILITY = YES;
				GCC_C_LANGUAGE_STANDARD = gnu11;
				GCC_DYNAMIC_NO_PIC = NO;
				GCC_NO_COMMON_BLOCKS = YES;
				GCC_OPTIMIZATION_LEVEL = 0;
				GCC_PREPROCESSOR_DEFINITIONS = (
					"DEBUG=1",
					"$(inherited)",
				);
				GCC_WARN_64_TO_32_BIT_CONVERSION = YES;
				GCC_WARN_ABOUT_RETURN_TYPE = YES_ERROR;
				GCC_WARN_UNDECLARED_SELECTOR = YES;
				GCC_WARN_UNINITIALIZED_AUTOS = YES_AGGRESSIVE;
				GCC_WARN_UNUSED_FUNCTION = YES;
				GCC_WARN_UNUSED_VARIABLE = YES;
				IPHONEOS_DEPLOYMENT_TARGET = 11.2;
				MTL_ENABLE_DEBUG_INFO = YES;
				ONLY_ACTIVE_ARCH = YES;
				SDKROOT = iphoneos;
				SWIFT_ACTIVE_COMPILATION_CONDITIONS = DEBUG;
				SWIFT_OPTIMIZATION_LEVEL = "-Onone";
			};
			name = Debug;
		};
		D8E8662E2097476C00E03A9B /* Release */ = {
			isa = XCBuildConfiguration;
			buildSettings = {
				ALWAYS_SEARCH_USER_PATHS = NO;
				CLANG_ANALYZER_NONNULL = YES;
				CLANG_ANALYZER_NUMBER_OBJECT_CONVERSION = YES_AGGRESSIVE;
				CLANG_CXX_LANGUAGE_STANDARD = "gnu++14";
				CLANG_CXX_LIBRARY = "libc++";
				CLANG_ENABLE_MODULES = YES;
				CLANG_ENABLE_OBJC_ARC = YES;
				CLANG_WARN_BLOCK_CAPTURE_AUTORELEASING = YES;
				CLANG_WARN_BOOL_CONVERSION = YES;
				CLANG_WARN_COMMA = YES;
				CLANG_WARN_CONSTANT_CONVERSION = YES;
				CLANG_WARN_DIRECT_OBJC_ISA_USAGE = YES_ERROR;
				CLANG_WARN_DOCUMENTATION_COMMENTS = YES;
				CLANG_WARN_EMPTY_BODY = YES;
				CLANG_WARN_ENUM_CONVERSION = YES;
				CLANG_WARN_INFINITE_RECURSION = YES;
				CLANG_WARN_INT_CONVERSION = YES;
				CLANG_WARN_NON_LITERAL_NULL_CONVERSION = YES;
				CLANG_WARN_OBJC_LITERAL_CONVERSION = YES;
				CLANG_WARN_OBJC_ROOT_CLASS = YES_ERROR;
				CLANG_WARN_RANGE_LOOP_ANALYSIS = YES;
				CLANG_WARN_STRICT_PROTOTYPES = YES;
				CLANG_WARN_SUSPICIOUS_MOVE = YES;
				CLANG_WARN_UNGUARDED_AVAILABILITY = YES_AGGRESSIVE;
				CLANG_WARN_UNREACHABLE_CODE = YES;
				CLANG_WARN__DUPLICATE_METHOD_MATCH = YES;
				CODE_SIGN_IDENTITY = "iPhone Developer";
				COPY_PHASE_STRIP = NO;
				DEBUG_INFORMATION_FORMAT = "dwarf-with-dsym";
				ENABLE_NS_ASSERTIONS = NO;
				ENABLE_STRICT_OBJC_MSGSEND = YES;
				GCC_C_LANGUAGE_STANDARD = gnu11;
				GCC_NO_COMMON_BLOCKS = YES;
				GCC_WARN_64_TO_32_BIT_CONVERSION = YES;
				GCC_WARN_ABOUT_RETURN_TYPE = YES_ERROR;
				GCC_WARN_UNDECLARED_SELECTOR = YES;
				GCC_WARN_UNINITIALIZED_AUTOS = YES_AGGRESSIVE;
				GCC_WARN_UNUSED_FUNCTION = YES;
				GCC_WARN_UNUSED_VARIABLE = YES;
				IPHONEOS_DEPLOYMENT_TARGET = 11.2;
				MTL_ENABLE_DEBUG_INFO = NO;
				SDKROOT = iphoneos;
				SWIFT_OPTIMIZATION_LEVEL = "-Owholemodule";
				VALIDATE_PRODUCT = YES;
			};
			name = Release;
		};
		D8E866302097476C00E03A9B /* Debug */ = {
			isa = XCBuildConfiguration;
			buildSettings = {
				ASSETCATALOG_COMPILER_APPICON_NAME = AppIcon;
				CODE_SIGN_STYLE = Automatic;
				FRAMEWORK_SEARCH_PATHS = (
					"$(inherited)",
					"$(PROJECT_DIR)/Carthage/Build/iOS",
				);
				INFOPLIST_FILE = ReactiveExtension/Info.plist;
				LD_RUNPATH_SEARCH_PATHS = "$(inherited) @executable_path/Frameworks";
				PRODUCT_BUNDLE_IDENTIFIER = jp.Akasaaa.ReactiveExtension;
				PRODUCT_NAME = "$(TARGET_NAME)";
				SWIFT_VERSION = 4.0;
				TARGETED_DEVICE_FAMILY = "1,2";
			};
			name = Debug;
		};
		D8E866312097476C00E03A9B /* Release */ = {
			isa = XCBuildConfiguration;
			buildSettings = {
				ASSETCATALOG_COMPILER_APPICON_NAME = AppIcon;
				CODE_SIGN_STYLE = Automatic;
				FRAMEWORK_SEARCH_PATHS = (
					"$(inherited)",
					"$(PROJECT_DIR)/Carthage/Build/iOS",
				);
				INFOPLIST_FILE = ReactiveExtension/Info.plist;
				LD_RUNPATH_SEARCH_PATHS = "$(inherited) @executable_path/Frameworks";
				PRODUCT_BUNDLE_IDENTIFIER = jp.Akasaaa.ReactiveExtension;
				PRODUCT_NAME = "$(TARGET_NAME)";
				SWIFT_VERSION = 4.0;
				TARGETED_DEVICE_FAMILY = "1,2";
			};
			name = Release;
		};
/* End XCBuildConfiguration section */

/* Begin XCConfigurationList section */
		D8E866182097476C00E03A9B /* Build configuration list for PBXProject "ReactiveExtension" */ = {
			isa = XCConfigurationList;
			buildConfigurations = (
				D8E8662D2097476C00E03A9B /* Debug */,
				D8E8662E2097476C00E03A9B /* Release */,
			);
			defaultConfigurationIsVisible = 0;
			defaultConfigurationName = Release;
		};
		D8E8662F2097476C00E03A9B /* Build configuration list for PBXNativeTarget "ReactiveExtension" */ = {
			isa = XCConfigurationList;
			buildConfigurations = (
				D8E866302097476C00E03A9B /* Debug */,
				D8E866312097476C00E03A9B /* Release */,
			);
			defaultConfigurationIsVisible = 0;
			defaultConfigurationName = Release;
		};
/* End XCConfigurationList section */
	};
	rootObject = D8E866152097476C00E03A9B /* Project object */;
}
